
Microsoft Visual Studio Solution File, Format Version 12.00
# Visual Studio Version 16
VisualStudioVersion = 16.0.29230.47
MinimumVisualStudioVersion = 10.0.40219.1
Project("{2150E333-8FDC-42A3-9474-1A3956D46DE8}") = "Microservices", "Microservices", "{CEF17DEE-4237-48ED-A8FE-B63BCEC93CCB}"
EndProject
Project("{2150E333-8FDC-42A3-9474-1A3956D46DE8}") = "Domain", "Domain", "{DBA72127-24BA-419E-80E9-45EA222A97E3}"
EndProject
Project("{2150E333-8FDC-42A3-9474-1A3956D46DE8}") = "Infra.Bus", "Infra.Bus", "{8D0CFACC-794E-4E1F-8A43-740DE0C64440}"
EndProject
Project("{2150E333-8FDC-42A3-9474-1A3956D46DE8}") = "Infra.IoC", "Infra.IoC", "{97C03C60-4262-4308-A73B-61A9AA1F28BC}"
EndProject
Project("{2150E333-8FDC-42A3-9474-1A3956D46DE8}") = "Presentation", "Presentation", "{4C939DF5-FDEB-4D56-88F9-EEF22C18915C}"
EndProject
Project("{9A19103F-16F7-4668-BE54-9A1E7A4F7556}") = "MicroRabbit.Domain.Core", "MicroRabbit.Domain.Core\MicroRabbit.Domain.Core.csproj", "{C55FE0BC-8A84-42B3-B045-C3F4EFFAD3F3}"
EndProject
Project("{9A19103F-16F7-4668-BE54-9A1E7A4F7556}") = "MicroRabbit.Infra.Bus", "MicroRabbit.Infra.Bus\MicroRabbit.Infra.Bus.csproj", "{8267C50C-9048-4056-AD08-B1F2453BB647}"
EndProject
Project("{9A19103F-16F7-4668-BE54-9A1E7A4F7556}") = "MicroRabbit.Infra.IoC", "MicroRabbit.Infa.IoC\MicroRabbit.Infra.IoC.csproj", "{34209902-9308-44A1-B2AC-F180AC495FE4}"
EndProject
Project("{2150E333-8FDC-42A3-9474-1A3956D46DE8}") = "Banking", "Banking", "{02D19E46-AC24-42A4-B8B3-A092B6CBD632}"
EndProject
Project("{2150E333-8FDC-42A3-9474-1A3956D46DE8}") = "Api", "Api", "{FDC5757F-3732-4B7A-BC95-9E3CBF901E1A}"
EndProject
Project("{2150E333-8FDC-42A3-9474-1A3956D46DE8}") = "Domain", "Domain", "{7CA169AA-D1F4-4559-824C-02D10F329C50}"
EndProject
Project("{2150E333-8FDC-42A3-9474-1A3956D46DE8}") = "Application", "Application", "{BC510604-722E-4F20-B1DA-47C815F702F8}"
EndProject
Project("{2150E333-8FDC-42A3-9474-1A3956D46DE8}") = "Data", "Data", "{4C581493-EB7A-4313-911F-4847BF6CC58B}"
EndProject
Project("{9A19103F-16F7-4668-BE54-9A1E7A4F7556}") = "MicroRabbit.Banking.Application", "MicroRabbit.Banking.Application\MicroRabbit.Banking.Application.csproj", "{A30E8A6F-C103-435B-8D66-1CFEB8B76127}"
EndProject
Project("{9A19103F-16F7-4668-BE54-9A1E7A4F7556}") = "MicroRabbit.Banking.Data", "MicroRabbit.Banking.Data\MicroRabbit.Banking.Data.csproj", "{B7EFCE7F-82F7-4F79-9ADC-02D0412E7AAA}"
EndProject
Project("{9A19103F-16F7-4668-BE54-9A1E7A4F7556}") = "MicroRabbit.Banking.Domain", "MicroRabbit.Banking.Domain\MicroRabbit.Banking.Domain.csproj", "{93C1D80C-8AC8-4435-97ED-D08616665E5C}"
EndProject
Project("{9A19103F-16F7-4668-BE54-9A1E7A4F7556}") = "MicroRabbit.Banking.Api", "MicroRabbit.Banking.Api\MicroRabbit.Banking.Api.csproj", "{7AB57664-CD01-45F2-858B-FEF1234A7F74}"
EndProject
Project("{2150E333-8FDC-42A3-9474-1A3956D46DE8}") = "Transfer", "Transfer", "{85886820-F6E3-41AB-997C-101D8CEA0A81}"
EndProject
Project("{2150E333-8FDC-42A3-9474-1A3956D46DE8}") = "Api", "Api", "{9624C1F4-BB67-450F-ADD2-23137B67B3E6}"
EndProject
Project("{2150E333-8FDC-42A3-9474-1A3956D46DE8}") = "Application", "Application", "{DD018B9E-F30A-45CF-B152-C83936F9A407}"
EndProject
Project("{2150E333-8FDC-42A3-9474-1A3956D46DE8}") = "Data", "Data", "{3D48B7EE-EC52-40E3-B4C5-7F0A73A9586C}"
EndProject
Project("{2150E333-8FDC-42A3-9474-1A3956D46DE8}") = "Domain", "Domain", "{2F9C89E6-BD2D-409E-9DD5-8AB8FDFDC255}"
EndProject
Project("{FAE04EC0-301F-11D3-BF4B-00C04F79EFBC}") = "RabbitMQ.Transfer.Api", "RabbitMQ.Transfer.Api\RabbitMQ.Transfer.Api.csproj", "{A5604363-497D-4DFD-B9BB-1C8F0B5E7D14}"
EndProject
Project("{FAE04EC0-301F-11D3-BF4B-00C04F79EFBC}") = "MicroRabbit.Transfer.Application", "MicroRabbit.Transfer.Application\MicroRabbit.Transfer.Application.csproj", "{F0776F37-144F-4EB8-9A3C-C40AAA640B6E}"
EndProject
Project("{FAE04EC0-301F-11D3-BF4B-00C04F79EFBC}") = "MicroRabbit.Transfer.Domain", "MicroRabbit.Transfer.Domain\MicroRabbit.Transfer.Domain.csproj", "{FF2988D3-4E32-4078-B218-77AD1FE16CB3}"
EndProject
Project("{FAE04EC0-301F-11D3-BF4B-00C04F79EFBC}") = "MicroRabbit.Transfer.Data", "MicroRabbit.Transfer.Data\MicroRabbit.Transfer.Data.csproj", "{9834A456-EA52-4EAF-BE51-E8F39053FB2C}"
EndProject
Global
	GlobalSection(SolutionConfigurationPlatforms) = preSolution
		Debug|Any CPU = Debug|Any CPU
		Release|Any CPU = Release|Any CPU
	EndGlobalSection
	GlobalSection(ProjectConfigurationPlatforms) = postSolution
		{C55FE0BC-8A84-42B3-B045-C3F4EFFAD3F3}.Debug|Any CPU.ActiveCfg = Debug|Any CPU
		{C55FE0BC-8A84-42B3-B045-C3F4EFFAD3F3}.Debug|Any CPU.Build.0 = Debug|Any CPU
		{C55FE0BC-8A84-42B3-B045-C3F4EFFAD3F3}.Release|Any CPU.ActiveCfg = Release|Any CPU
		{C55FE0BC-8A84-42B3-B045-C3F4EFFAD3F3}.Release|Any CPU.Build.0 = Release|Any CPU
		{8267C50C-9048-4056-AD08-B1F2453BB647}.Debug|Any CPU.ActiveCfg = Debug|Any CPU
		{8267C50C-9048-4056-AD08-B1F2453BB647}.Debug|Any CPU.Build.0 = Debug|Any CPU
		{8267C50C-9048-4056-AD08-B1F2453BB647}.Release|Any CPU.ActiveCfg = Release|Any CPU
		{8267C50C-9048-4056-AD08-B1F2453BB647}.Release|Any CPU.Build.0 = Release|Any CPU
		{34209902-9308-44A1-B2AC-F180AC495FE4}.Debug|Any CPU.ActiveCfg = Debug|Any CPU
		{34209902-9308-44A1-B2AC-F180AC495FE4}.Debug|Any CPU.Build.0 = Debug|Any CPU
		{34209902-9308-44A1-B2AC-F180AC495FE4}.Release|Any CPU.ActiveCfg = Release|Any CPU
		{34209902-9308-44A1-B2AC-F180AC495FE4}.Release|Any CPU.Build.0 = Release|Any CPU
		{A30E8A6F-C103-435B-8D66-1CFEB8B76127}.Debug|Any CPU.ActiveCfg = Debug|Any CPU
		{A30E8A6F-C103-435B-8D66-1CFEB8B76127}.Debug|Any CPU.Build.0 = Debug|Any CPU
		{A30E8A6F-C103-435B-8D66-1CFEB8B76127}.Release|Any CPU.ActiveCfg = Release|Any CPU
		{A30E8A6F-C103-435B-8D66-1CFEB8B76127}.Release|Any CPU.Build.0 = Release|Any CPU
		{B7EFCE7F-82F7-4F79-9ADC-02D0412E7AAA}.Debug|Any CPU.ActiveCfg = Debug|Any CPU
		{B7EFCE7F-82F7-4F79-9ADC-02D0412E7AAA}.Debug|Any CPU.Build.0 = Debug|Any CPU
		{B7EFCE7F-82F7-4F79-9ADC-02D0412E7AAA}.Release|Any CPU.ActiveCfg = Release|Any CPU
		{B7EFCE7F-82F7-4F79-9ADC-02D0412E7AAA}.Release|Any CPU.Build.0 = Release|Any CPU
		{93C1D80C-8AC8-4435-97ED-D08616665E5C}.Debug|Any CPU.ActiveCfg = Debug|Any CPU
		{93C1D80C-8AC8-4435-97ED-D08616665E5C}.Debug|Any CPU.Build.0 = Debug|Any CPU
		{93C1D80C-8AC8-4435-97ED-D08616665E5C}.Release|Any CPU.ActiveCfg = Release|Any CPU
		{93C1D80C-8AC8-4435-97ED-D08616665E5C}.Release|Any CPU.Build.0 = Release|Any CPU
		{7AB57664-CD01-45F2-858B-FEF1234A7F74}.Debug|Any CPU.ActiveCfg = Debug|Any CPU
		{7AB57664-CD01-45F2-858B-FEF1234A7F74}.Debug|Any CPU.Build.0 = Debug|Any CPU
		{7AB57664-CD01-45F2-858B-FEF1234A7F74}.Release|Any CPU.ActiveCfg = Release|Any CPU
		{7AB57664-CD01-45F2-858B-FEF1234A7F74}.Release|Any CPU.Build.0 = Release|Any CPU
		{A5604363-497D-4DFD-B9BB-1C8F0B5E7D14}.Debug|Any CPU.ActiveCfg = Debug|Any CPU
		{A5604363-497D-4DFD-B9BB-1C8F0B5E7D14}.Debug|Any CPU.Build.0 = Debug|Any CPU
		{A5604363-497D-4DFD-B9BB-1C8F0B5E7D14}.Release|Any CPU.ActiveCfg = Release|Any CPU
		{A5604363-497D-4DFD-B9BB-1C8F0B5E7D14}.Release|Any CPU.Build.0 = Release|Any CPU
		{F0776F37-144F-4EB8-9A3C-C40AAA640B6E}.Debug|Any CPU.ActiveCfg = Debug|Any CPU
		{F0776F37-144F-4EB8-9A3C-C40AAA640B6E}.Debug|Any CPU.Build.0 = Debug|Any CPU
		{F0776F37-144F-4EB8-9A3C-C40AAA640B6E}.Release|Any CPU.ActiveCfg = Release|Any CPU
		{F0776F37-144F-4EB8-9A3C-C40AAA640B6E}.Release|Any CPU.Build.0 = Release|Any CPU
		{FF2988D3-4E32-4078-B218-77AD1FE16CB3}.Debug|Any CPU.ActiveCfg = Debug|Any CPU
		{FF2988D3-4E32-4078-B218-77AD1FE16CB3}.Debug|Any CPU.Build.0 = Debug|Any CPU
		{FF2988D3-4E32-4078-B218-77AD1FE16CB3}.Release|Any CPU.ActiveCfg = Release|Any CPU
		{FF2988D3-4E32-4078-B218-77AD1FE16CB3}.Release|Any CPU.Build.0 = Release|Any CPU
		{9834A456-EA52-4EAF-BE51-E8F39053FB2C}.Debug|Any CPU.ActiveCfg = Debug|Any CPU
		{9834A456-EA52-4EAF-BE51-E8F39053FB2C}.Debug|Any CPU.Build.0 = Debug|Any CPU
		{9834A456-EA52-4EAF-BE51-E8F39053FB2C}.Release|Any CPU.ActiveCfg = Release|Any CPU
		{9834A456-EA52-4EAF-BE51-E8F39053FB2C}.Release|Any CPU.Build.0 = Release|Any CPU
	EndGlobalSection
	GlobalSection(SolutionProperties) = preSolution
		HideSolutionNode = FALSE
	EndGlobalSection
	GlobalSection(NestedProjects) = preSolution
		{C55FE0BC-8A84-42B3-B045-C3F4EFFAD3F3} = {DBA72127-24BA-419E-80E9-45EA222A97E3}
		{8267C50C-9048-4056-AD08-B1F2453BB647} = {8D0CFACC-794E-4E1F-8A43-740DE0C64440}
		{34209902-9308-44A1-B2AC-F180AC495FE4} = {97C03C60-4262-4308-A73B-61A9AA1F28BC}
		{02D19E46-AC24-42A4-B8B3-A092B6CBD632} = {CEF17DEE-4237-48ED-A8FE-B63BCEC93CCB}
		{FDC5757F-3732-4B7A-BC95-9E3CBF901E1A} = {02D19E46-AC24-42A4-B8B3-A092B6CBD632}
		{7CA169AA-D1F4-4559-824C-02D10F329C50} = {02D19E46-AC24-42A4-B8B3-A092B6CBD632}
		{BC510604-722E-4F20-B1DA-47C815F702F8} = {02D19E46-AC24-42A4-B8B3-A092B6CBD632}
		{4C581493-EB7A-4313-911F-4847BF6CC58B} = {02D19E46-AC24-42A4-B8B3-A092B6CBD632}
		{A30E8A6F-C103-435B-8D66-1CFEB8B76127} = {BC510604-722E-4F20-B1DA-47C815F702F8}
		{B7EFCE7F-82F7-4F79-9ADC-02D0412E7AAA} = {4C581493-EB7A-4313-911F-4847BF6CC58B}
		{93C1D80C-8AC8-4435-97ED-D08616665E5C} = {7CA169AA-D1F4-4559-824C-02D10F329C50}
		{7AB57664-CD01-45F2-858B-FEF1234A7F74} = {FDC5757F-3732-4B7A-BC95-9E3CBF901E1A}
		{85886820-F6E3-41AB-997C-101D8CEA0A81} = {CEF17DEE-4237-48ED-A8FE-B63BCEC93CCB}
		{9624C1F4-BB67-450F-ADD2-23137B67B3E6} = {85886820-F6E3-41AB-997C-101D8CEA0A81}
		{DD018B9E-F30A-45CF-B152-C83936F9A407} = {85886820-F6E3-41AB-997C-101D8CEA0A81}
		{3D48B7EE-EC52-40E3-B4C5-7F0A73A9586C} = {85886820-F6E3-41AB-997C-101D8CEA0A81}
		{2F9C89E6-BD2D-409E-9DD5-8AB8FDFDC255} = {85886820-F6E3-41AB-997C-101D8CEA0A81}
		{A5604363-497D-4DFD-B9BB-1C8F0B5E7D14} = {9624C1F4-BB67-450F-ADD2-23137B67B3E6}
		{F0776F37-144F-4EB8-9A3C-C40AAA640B6E} = {DD018B9E-F30A-45CF-B152-C83936F9A407}
		{FF2988D3-4E32-4078-B218-77AD1FE16CB3} = {2F9C89E6-BD2D-409E-9DD5-8AB8FDFDC255}
		{9834A456-EA52-4EAF-BE51-E8F39053FB2C} = {3D48B7EE-EC52-40E3-B4C5-7F0A73A9586C}
	EndGlobalSection
	GlobalSection(ExtensibilityGlobals) = postSolution
		SolutionGuid = {A953DEB6-49E1-4BBF-996D-4B16B10C68FE}
	EndGlobalSection
EndGlobal
