
Microsoft Visual Studio Solution File, Format Version 12.00
# Visual Studio Version 16
VisualStudioVersion = 16.0.29230.47
MinimumVisualStudioVersion = 10.0.40219.1
Project("{2150E333-8FDC-42A3-9474-1A3956D46DE8}") = "Microservices", "Microservices", "{CEF17DEE-4237-48ED-A8FE-B63BCEC93CCB}"
EndProject
Project("{2150E333-8FDC-42A3-9474-1A3956D46DE8}") = "Domain", "Domain", "{DBA72127-24BA-419E-80E9-45EA222A97E3}"
EndProject
Project("{2150E333-8FDC-42A3-9474-1A3956D46DE8}") = "Infra.Bus", "Infra.Bus", "{8D0CFACC-794E-4E1F-8A43-740DE0C64440}"
EndProject
Project("{2150E333-8FDC-42A3-9474-1A3956D46DE8}") = "Infra.IoC", "Infra.IoC", "{97C03C60-4262-4308-A73B-61A9AA1F28BC}"
EndProject
Project("{2150E333-8FDC-42A3-9474-1A3956D46DE8}") = "Presentation", "Presentation", "{4C939DF5-FDEB-4D56-88F9-EEF22C18915C}"
EndProject
Project("{9A19103F-16F7-4668-BE54-9A1E7A4F7556}") = "MicroRabbit.Domain.Core", "MicroRabbit.Domain.Core\MicroRabbit.Domain.Core.csproj", "{C55FE0BC-8A84-42B3-B045-C3F4EFFAD3F3}"
EndProject
Project("{9A19103F-16F7-4668-BE54-9A1E7A4F7556}") = "MicroRabbit.Infra.Bus", "MicroRabbit.Infra.Bus\MicroRabbit.Infra.Bus.csproj", "{8267C50C-9048-4056-AD08-B1F2453BB647}"
EndProject
Project("{FAE04EC0-301F-11D3-BF4B-00C04F79EFBC}") = "MicroRabbit.Infa.IoC", "MicroRabbit.Infa.IoC\MicroRabbit.Infa.IoC.csproj", "{34209902-9308-44A1-B2AC-F180AC495FE4}"
EndProject
Global
	GlobalSection(SolutionConfigurationPlatforms) = preSolution
		Debug|Any CPU = Debug|Any CPU
		Release|Any CPU = Release|Any CPU
	EndGlobalSection
	GlobalSection(ProjectConfigurationPlatforms) = postSolution
		{C55FE0BC-8A84-42B3-B045-C3F4EFFAD3F3}.Debug|Any CPU.ActiveCfg = Debug|Any CPU
		{C55FE0BC-8A84-42B3-B045-C3F4EFFAD3F3}.Debug|Any CPU.Build.0 = Debug|Any CPU
		{C55FE0BC-8A84-42B3-B045-C3F4EFFAD3F3}.Release|Any CPU.ActiveCfg = Release|Any CPU
		{C55FE0BC-8A84-42B3-B045-C3F4EFFAD3F3}.Release|Any CPU.Build.0 = Release|Any CPU
		{8267C50C-9048-4056-AD08-B1F2453BB647}.Debug|Any CPU.ActiveCfg = Debug|Any CPU
		{8267C50C-9048-4056-AD08-B1F2453BB647}.Debug|Any CPU.Build.0 = Debug|Any CPU
		{8267C50C-9048-4056-AD08-B1F2453BB647}.Release|Any CPU.ActiveCfg = Release|Any CPU
		{8267C50C-9048-4056-AD08-B1F2453BB647}.Release|Any CPU.Build.0 = Release|Any CPU
		{34209902-9308-44A1-B2AC-F180AC495FE4}.Debug|Any CPU.ActiveCfg = Debug|Any CPU
		{34209902-9308-44A1-B2AC-F180AC495FE4}.Debug|Any CPU.Build.0 = Debug|Any CPU
		{34209902-9308-44A1-B2AC-F180AC495FE4}.Release|Any CPU.ActiveCfg = Release|Any CPU
		{34209902-9308-44A1-B2AC-F180AC495FE4}.Release|Any CPU.Build.0 = Release|Any CPU
	EndGlobalSection
	GlobalSection(SolutionProperties) = preSolution
		HideSolutionNode = FALSE
	EndGlobalSection
	GlobalSection(NestedProjects) = preSolution
		{C55FE0BC-8A84-42B3-B045-C3F4EFFAD3F3} = {DBA72127-24BA-419E-80E9-45EA222A97E3}
		{8267C50C-9048-4056-AD08-B1F2453BB647} = {8D0CFACC-794E-4E1F-8A43-740DE0C64440}
		{34209902-9308-44A1-B2AC-F180AC495FE4} = {97C03C60-4262-4308-A73B-61A9AA1F28BC}
	EndGlobalSection
	GlobalSection(ExtensibilityGlobals) = postSolution
		SolutionGuid = {A953DEB6-49E1-4BBF-996D-4B16B10C68FE}
	EndGlobalSection
EndGlobal
